
Microsoft Visual Studio Solution File, Format Version 12.00
# Visual Studio 15
Project("{FAE04EC0-301F-11D3-BF4B-00C04F79EFBC}") = "Assembly-CSharp-Editor", "Assembly-CSharp-Editor.csproj", "{D358C745-F976-491A-A0B6-1C122AD24B13}"
EndProject
Project("{FAE04EC0-301F-11D3-BF4B-00C04F79EFBC}") = "Assembly-CSharp", "Assembly-CSharp.csproj", "{16DAE556-1377-67F0-2DF0-DD91B799422A}"
EndProject
Global
	GlobalSection(SolutionConfigurationPlatforms) = preSolution
		Debug|Any CPU = Debug|Any CPU
		Release|Any CPU = Release|Any CPU
	EndGlobalSection
	GlobalSection(ProjectConfigurationPlatforms) = postSolution
		{D358C745-F976-491A-A0B6-1C122AD24B13}.Debug|Any CPU.ActiveCfg = Debug|Any CPU
		{D358C745-F976-491A-A0B6-1C122AD24B13}.Debug|Any CPU.Build.0 = Debug|Any CPU
		{D358C745-F976-491A-A0B6-1C122AD24B13}.Release|Any CPU.ActiveCfg = Release|Any CPU
		{D358C745-F976-491A-A0B6-1C122AD24B13}.Release|Any CPU.Build.0 = Release|Any CPU
		{16DAE556-1377-67F0-2DF0-DD91B799422A}.Debug|Any CPU.ActiveCfg = Debug|Any CPU
		{16DAE556-1377-67F0-2DF0-DD91B799422A}.Debug|Any CPU.Build.0 = Debug|Any CPU
		{16DAE556-1377-67F0-2DF0-DD91B799422A}.Release|Any CPU.ActiveCfg = Release|Any CPU
		{16DAE556-1377-67F0-2DF0-DD91B799422A}.Release|Any CPU.Build.0 = Release|Any CPU
	EndGlobalSection
	GlobalSection(SolutionProperties) = preSolution
		HideSolutionNode = FALSE
	EndGlobalSection
EndGlobal
